<?xml version="1.0" encoding="utf-8"?>
<Project ToolsVersion="4.0" xmlns="http://schemas.microsoft.com/developer/msbuild/2003">
  <ItemGroup>
    <Filter Include="src">
      <UniqueIdentifier>{a4d38c3f-1cee-465a-8aa9-89d9e37afd06}</UniqueIdentifier>
    </Filter>
    <Filter Include="copy_dll">
      <UniqueIdentifier>{b0afdd4a-fdcd-47f8-a7be-1a1037266264}</UniqueIdentifier>
    </Filter>
    <Filter Include="copy_dll\x64">
      <UniqueIdentifier>{1ce182ad-26a7-4783-8196-5e28ba79eec3}</UniqueIdentifier>
    </Filter>
    <Filter Include="copy_dll\x86">
      <UniqueIdentifier>{3022da4d-7617-453c-9245-ea62c338f927}</UniqueIdentifier>
    </Filter>
    <Filter Include="src\Input">
      <UniqueIdentifier>{be295b09-8406-4c09-a09d-7a2ad2cfc6b4}</UniqueIdentifier>
    </Filter>
    <Filter Include="src\Game">
      <UniqueIdentifier>{a75d6122-2f6c-48b0-8c47-bf7fd585ce2e}</UniqueIdentifier>
    </Filter>
    <Filter Include="thirdparty">
      <UniqueIdentifier>{e9eb5b88-6ed0-4d9d-840b-8566f527e86b}</UniqueIdentifier>
    </Filter>
    <Filter Include="thirdparty\ImGui">
      <UniqueIdentifier>{f53ec586-01ee-4e06-b280-54a73dcbc967}</UniqueIdentifier>
    </Filter>
    <Filter Include="thirdparty\ImGui\backends">
      <UniqueIdentifier>{6819c7bb-e6d2-4a34-93aa-c56ff9b024a6}</UniqueIdentifier>
    </Filter>
    <Filter Include="src\UI">
      <UniqueIdentifier>{c51208df-966b-4e7f-8807-71c678a9b314}</UniqueIdentifier>
    </Filter>
  </ItemGroup>
  <ItemGroup>
    <ClCompile Include="..\src\Main.cpp">
      <Filter>src</Filter>
    </ClCompile>
    <ClCompile Include="..\src\SDL_Utils.cpp">
      <Filter>src</Filter>
    </ClCompile>
    <ClCompile Include="..\src\Application.cpp">
      <Filter>src</Filter>
    </ClCompile>
    <ClCompile Include="..\src\Input\Input.cpp">
      <Filter>src\Input</Filter>
    </ClCompile>
    <ClCompile Include="..\thidrparty\imgui-1.83\imgui.cpp">
      <Filter>thirdparty\ImGui</Filter>
    </ClCompile>
    <ClCompile Include="..\thidrparty\imgui-1.83\imgui_demo.cpp">
      <Filter>thirdparty\ImGui</Filter>
    </ClCompile>
    <ClCompile Include="..\thidrparty\imgui-1.83\imgui_draw.cpp">
      <Filter>thirdparty\ImGui</Filter>
    </ClCompile>
    <ClCompile Include="..\thidrparty\imgui-1.83\imgui_tables.cpp">
      <Filter>thirdparty\ImGui</Filter>
    </ClCompile>
    <ClCompile Include="..\thidrparty\imgui-1.83\imgui_widgets.cpp">
      <Filter>thirdparty\ImGui</Filter>
    </ClCompile>
    <ClCompile Include="..\thidrparty\imgui-1.83\backends\imgui_impl_sdl.cpp">
      <Filter>thirdparty\ImGui\backends</Filter>
    </ClCompile>
    <ClCompile Include="..\src\GUI\ImGuiRenderer.cpp">
      <Filter>src\UI</Filter>
    </ClCompile>
  </ItemGroup>
  <ItemGroup>
    <ClInclude Include="..\src\SDL_Utils.h">
      <Filter>src</Filter>
    </ClInclude>
    <ClInclude Include="..\src\Application.h">
      <Filter>src</Filter>
    </ClInclude>
    <ClInclude Include="..\src\Input\Input.h">
      <Filter>src\Input</Filter>
    </ClInclude>
    <ClInclude Include="..\src\Input\KeyCodes.h">
      <Filter>src\Input</Filter>
    </ClInclude>
    <ClInclude Include="..\src\Game\ISystem.h">
      <Filter>src\Game</Filter>
    </ClInclude>
    <ClInclude Include="..\src\Game\World.h">
      <Filter>src\Game</Filter>
    </ClInclude>
    <ClInclude Include="..\thidrparty\imgui-1.83\imconfig.h">
      <Filter>thirdparty\ImGui</Filter>
    </ClInclude>
    <ClInclude Include="..\thidrparty\imgui-1.83\imgui.h">
      <Filter>thirdparty\ImGui</Filter>
    </ClInclude>
    <ClInclude Include="..\thidrparty\imgui-1.83\imgui_internal.h">
      <Filter>thirdparty\ImGui</Filter>
    </ClInclude>
    <ClInclude Include="..\thidrparty\imgui-1.83\imstb_rectpack.h">
      <Filter>thirdparty\ImGui</Filter>
    </ClInclude>
    <ClInclude Include="..\thidrparty\imgui-1.83\imstb_textedit.h">
      <Filter>thirdparty\ImGui</Filter>
    </ClInclude>
    <ClInclude Include="..\thidrparty\imgui-1.83\imstb_truetype.h">
      <Filter>thirdparty\ImGui</Filter>
    </ClInclude>
    <ClInclude Include="..\thidrparty\imgui-1.83\backends\imgui_impl_sdl.h">
      <Filter>thirdparty\ImGui\backends</Filter>
    </ClInclude>
    <ClInclude Include="..\src\GUI\ImGuiRenderer.h">
      <Filter>src\UI</Filter>
    </ClInclude>
  </ItemGroup>
  <ItemGroup>
    <CopyFileToFolders Include="..\thidrparty\SDL2-2.0.14\lib\x64\SDL2.dll">
      <Filter>copy_dll\x64</Filter>
    </CopyFileToFolders>
    <CopyFileToFolders Include="..\thidrparty\SDL2-2.0.14\lib\x86\SDL2.dll">
      <Filter>copy_dll\x86</Filter>
    </CopyFileToFolders>
    <CopyFileToFolders Include="..\thidrparty\glew-2.2.0\bin\Release\x64\glew32.dll">
      <Filter>copy_dll\x64</Filter>
    </CopyFileToFolders>
    <CopyFileToFolders Include="..\thidrparty\glew-2.2.0\bin\Release\Win32\glew32.dll">
      <Filter>copy_dll\x86</Filter>
    </CopyFileToFolders>
  </ItemGroup>
</Project>