<?xml version="1.0" encoding="utf-8"?>
<Project ToolsVersion="4.0" xmlns="http://schemas.microsoft.com/developer/msbuild/2003">
  <ItemGroup>
    <Filter Include="Game">
      <UniqueIdentifier>{728bab69-5a9f-4c29-b39f-868781b94709}</UniqueIdentifier>
    </Filter>
    <Filter Include="Input">
      <UniqueIdentifier>{6aa270c3-8b04-4199-b37d-1a3556a89e97}</UniqueIdentifier>
    </Filter>
    <Filter Include="Game\Terrain">
      <UniqueIdentifier>{b7d72695-bd31-4783-81ee-3b0f23d3ad1e}</UniqueIdentifier>
    </Filter>
    <Filter Include="Game\Terrain\Systems">
      <UniqueIdentifier>{5393584a-74e6-4800-aef9-0d1aeec35c90}</UniqueIdentifier>
    </Filter>
    <Filter Include="Game\Utils">
      <UniqueIdentifier>{b55691c1-e6c7-40cf-b732-45069d8f63df}</UniqueIdentifier>
    </Filter>
    <Filter Include="Game\Player">
      <UniqueIdentifier>{6f0afd48-8174-4a24-98d5-bff449cf4c48}</UniqueIdentifier>
    </Filter>
    <Filter Include="Game\Terrain\Components">
      <UniqueIdentifier>{7df48835-b664-49e6-8774-3e110fabcfa4}</UniqueIdentifier>
    </Filter>
  </ItemGroup>
  <ItemGroup>
    <ClInclude Include="..\..\src\Game\ISystem.h">
      <Filter>Game</Filter>
    </ClInclude>
    <ClInclude Include="..\..\src\Game\World.h">
      <Filter>Game</Filter>
    </ClInclude>
    <ClInclude Include="..\..\src\Input\Input.h">
      <Filter>Input</Filter>
    </ClInclude>
    <ClInclude Include="..\..\src\Input\KeyCodes.h">
      <Filter>Input</Filter>
    </ClInclude>
    <ClInclude Include="..\..\src\Game\CoordSystems.h">
      <Filter>Game</Filter>
    </ClInclude>
    <ClInclude Include="..\..\src\Game\Terrain\Systems\GenerateTerrain.h">
      <Filter>Game\Terrain\Systems</Filter>
    </ClInclude>
    <ClInclude Include="..\..\src\Game\Terrain\Systems\StreamTerrainGPU.h">
      <Filter>Game\Terrain\Systems</Filter>
    </ClInclude>
    <ClInclude Include="..\..\src\Game\Utils\NeighbourCells.h">
      <Filter>Game\Utils</Filter>
    </ClInclude>
    <ClInclude Include="..\..\src\Game\Player\ScrollCameraSystem.h">
      <Filter>Game\Player</Filter>
    </ClInclude>
    <ClInclude Include="..\..\src\Game\Terrain\Systems\TerrainMeshGenerator.h">
      <Filter>Game\Terrain\Systems</Filter>
    </ClInclude>
    <ClInclude Include="..\..\src\Game\Terrain\Components\TerrainMesh.h">
      <Filter>Game\Terrain\Components</Filter>
    </ClInclude>
    <ClInclude Include="..\..\src\Game\Terrain\Systems\RenderTerrain.h">
      <Filter>Game\Terrain\Systems</Filter>
    </ClInclude>
    <ClInclude Include="..\..\src\Game\Terrain\Systems\ProceduralTerrain.h">
      <Filter>Game\Terrain\Systems</Filter>
    </ClInclude>
    <ClInclude Include="..\..\src\Game\Terrain\Systems\TerrainLoader.h">
      <Filter>Game\Terrain\Systems</Filter>
    </ClInclude>
    <ClInclude Include="..\..\src\Game\Terrain\Components\TerrainData.h">
      <Filter>Game\Terrain\Components</Filter>
    </ClInclude>
    <ClInclude Include="..\..\src\Game\Terrain\TerrainHelpers.h">
      <Filter>Game\Terrain</Filter>
    </ClInclude>
  </ItemGroup>
  <ItemGroup>
    <ClCompile Include="..\..\src\Input\Input.cpp">
      <Filter>Input</Filter>
    </ClCompile>
    <ClCompile Include="..\..\src\Game\CoordSystems.cpp">
      <Filter>Game</Filter>
    </ClCompile>
    <ClCompile Include="..\..\src\Game\Terrain\Systems\GenerateTerrain.cpp">
      <Filter>Game\Terrain\Systems</Filter>
    </ClCompile>
    <ClCompile Include="..\..\src\Game\Terrain\Systems\StreamTerrainGPU.cpp">
      <Filter>Game\Terrain\Systems</Filter>
    </ClCompile>
    <ClCompile Include="..\..\src\Game\Player\ScrollCameraSystem.cpp">
      <Filter>Game\Player</Filter>
    </ClCompile>
    <ClCompile Include="..\..\src\Game\Terrain\Systems\TerrainMeshGenerator.cpp">
      <Filter>Game\Terrain\Systems</Filter>
    </ClCompile>
    <ClCompile Include="..\..\src\Game\Terrain\Systems\RenderTerrain.cpp">
      <Filter>Game\Terrain\Systems</Filter>
    </ClCompile>
    <ClCompile Include="..\..\src\Game\Terrain\Systems\ProceduralTerrain.cpp">
      <Filter>Game\Terrain\Systems</Filter>
    </ClCompile>
    <ClCompile Include="..\..\src\Game\Terrain\TerrainHelpers.cpp">
      <Filter>Game\Terrain</Filter>
    </ClCompile>
  </ItemGroup>
</Project>