<?xml version="1.0" encoding="utf-8"?>
<Project ToolsVersion="4.0" xmlns="http://schemas.microsoft.com/developer/msbuild/2003">
  <ItemGroup>
    <Filter Include="Render">
      <UniqueIdentifier>{632f9f84-ea35-431b-b8a6-b5ab685dce4a}</UniqueIdentifier>
    </Filter>
    <Filter Include="Render\OpenGL">
      <UniqueIdentifier>{3eb14e12-16c3-4ded-a7bc-8b1db07dea49}</UniqueIdentifier>
    </Filter>
    <Filter Include="Render\Common">
      <UniqueIdentifier>{32640692-b970-485f-8a6a-5b0ec9042fa7}</UniqueIdentifier>
    </Filter>
  </ItemGroup>
  <ItemGroup>
    <ClCompile Include="..\..\src\Render\IRenderer.cpp">
      <Filter>Render</Filter>
    </ClCompile>
    <ClCompile Include="..\..\src\Render\pch.cpp">
      <Filter>Render</Filter>
    </ClCompile>
    <ClCompile Include="..\..\src\Render\OpenGL\Renderer.cpp">
      <Filter>Render\OpenGL</Filter>
    </ClCompile>
    <ClCompile Include="..\..\src\Render\OpenGL\ShaderProgram.cpp">
      <Filter>Render\OpenGL</Filter>
    </ClCompile>
    <ClCompile Include="..\..\src\Render\OpenGL\VertexArrayObject.cpp">
      <Filter>Render\OpenGL</Filter>
    </ClCompile>
    <ClCompile Include="..\..\src\Render\OpenGL\MaterialManager.cpp">
      <Filter>Render\OpenGL</Filter>
    </ClCompile>
    <ClCompile Include="..\..\src\Render\OpenGL\TextureManager.cpp">
      <Filter>Render\OpenGL</Filter>
    </ClCompile>
    <ClCompile Include="..\..\src\Render\Common\ResourceDescriptions.cpp">
      <Filter>Render\Common</Filter>
    </ClCompile>
  </ItemGroup>
  <ItemGroup>
    <ClInclude Include="..\..\src\Render\IRenderer.h">
      <Filter>Render</Filter>
    </ClInclude>
    <ClInclude Include="..\..\src\Render\pch.h">
      <Filter>Render</Filter>
    </ClInclude>
    <ClInclude Include="..\..\src\Render\OpenGL\Renderer.h">
      <Filter>Render\OpenGL</Filter>
    </ClInclude>
    <ClInclude Include="..\..\src\Render\OpenGL\ShaderProgram.h">
      <Filter>Render\OpenGL</Filter>
    </ClInclude>
    <ClInclude Include="..\..\src\Render\OpenGL\VertexArrayObject.h">
      <Filter>Render\OpenGL</Filter>
    </ClInclude>
    <ClInclude Include="..\..\src\Render\VertexTypes.h">
      <Filter>Render</Filter>
    </ClInclude>
    <ClInclude Include="..\..\src\Render\OpenGL\Utils.h">
      <Filter>Render\OpenGL</Filter>
    </ClInclude>
    <ClInclude Include="..\..\src\Render\OpenGL\MaterialManager.h">
      <Filter>Render\OpenGL</Filter>
    </ClInclude>
    <ClInclude Include="..\..\src\Render\OpenGL\TextureManager.h">
      <Filter>Render\OpenGL</Filter>
    </ClInclude>
    <ClInclude Include="..\..\src\Render\BufferData.h">
      <Filter>Render</Filter>
    </ClInclude>
    <ClInclude Include="..\..\src\Render\RenderTypes.h">
      <Filter>Render</Filter>
    </ClInclude>
    <ClInclude Include="..\..\src\Render\Common\ResourceDescriptions.h">
      <Filter>Render\Common</Filter>
    </ClInclude>
  </ItemGroup>
</Project>